
Microsoft Visual Studio Solution File, Format Version 12.00
# Visual Studio Version 16
VisualStudioVersion = 16.0.30128.74
MinimumVisualStudioVersion = 10.0.40219.1
Project("{9A19103F-16F7-4668-BE54-9A1E7A4F7556}") = "ScamSpam", "ScamSpam\ScamSpam.csproj", "{C96FCBCE-E475-4110-A98B-D2BE1E97CE1E}"
EndProject
Global
	GlobalSection(SolutionConfigurationPlatforms) = preSolution
		Debug|Any CPU = Debug|Any CPU
		Release|Any CPU = Release|Any CPU
	EndGlobalSection
	GlobalSection(ProjectConfigurationPlatforms) = postSolution
		{C96FCBCE-E475-4110-A98B-D2BE1E97CE1E}.Debug|Any CPU.ActiveCfg = Debug|Any CPU
		{C96FCBCE-E475-4110-A98B-D2BE1E97CE1E}.Debug|Any CPU.Build.0 = Debug|Any CPU
		{C96FCBCE-E475-4110-A98B-D2BE1E97CE1E}.Release|Any CPU.ActiveCfg = Release|Any CPU
		{C96FCBCE-E475-4110-A98B-D2BE1E97CE1E}.Release|Any CPU.Build.0 = Release|Any CPU
	EndGlobalSection
	GlobalSection(SolutionProperties) = preSolution
		HideSolutionNode = FALSE
	EndGlobalSection
	GlobalSection(ExtensibilityGlobals) = postSolution
		SolutionGuid = {2AC76B1F-C354-45B3-AA02-B7853A035336}
	EndGlobalSection
EndGlobal
